
Microsoft Visual Studio Solution File, Format Version 12.00
# Visual Studio Version 17
VisualStudioVersion = 17.3.32825.248
MinimumVisualStudioVersion = 10.0.40219.1
Project("{9A19103F-16F7-4668-BE54-9A1E7A4F7556}") = "API_EF", "API_EF\API_EF.csproj", "{0E547142-7D4E-4778-BB8A-1DE54D72720E}"
EndProject
Project("{9A19103F-16F7-4668-BE54-9A1E7A4F7556}") = "Client_API_EF", "Client_API_EF\Client_API_EF.csproj", "{A06E8F31-99C4-4436-8ED0-19E3B523DE2D}"
EndProject
Global
	GlobalSection(SolutionConfigurationPlatforms) = preSolution
		Debug|Any CPU = Debug|Any CPU
		Release|Any CPU = Release|Any CPU
	EndGlobalSection
	GlobalSection(ProjectConfigurationPlatforms) = postSolution
		{0E547142-7D4E-4778-BB8A-1DE54D72720E}.Debug|Any CPU.ActiveCfg = Debug|Any CPU
		{0E547142-7D4E-4778-BB8A-1DE54D72720E}.Debug|Any CPU.Build.0 = Debug|Any CPU
		{0E547142-7D4E-4778-BB8A-1DE54D72720E}.Release|Any CPU.ActiveCfg = Release|Any CPU
		{0E547142-7D4E-4778-BB8A-1DE54D72720E}.Release|Any CPU.Build.0 = Release|Any CPU
		{A06E8F31-99C4-4436-8ED0-19E3B523DE2D}.Debug|Any CPU.ActiveCfg = Debug|Any CPU
		{A06E8F31-99C4-4436-8ED0-19E3B523DE2D}.Debug|Any CPU.Build.0 = Debug|Any CPU
		{A06E8F31-99C4-4436-8ED0-19E3B523DE2D}.Release|Any CPU.ActiveCfg = Release|Any CPU
		{A06E8F31-99C4-4436-8ED0-19E3B523DE2D}.Release|Any CPU.Build.0 = Release|Any CPU
	EndGlobalSection
	GlobalSection(SolutionProperties) = preSolution
		HideSolutionNode = FALSE
	EndGlobalSection
	GlobalSection(ExtensibilityGlobals) = postSolution
		SolutionGuid = {CB195E09-590F-4DF1-9EBF-B308B6663892}
	EndGlobalSection
EndGlobal
